
Microsoft Visual Studio Solution File, Format Version 12.00
# Visual Studio Version 17
VisualStudioVersion = 17.5.33502.453
MinimumVisualStudioVersion = 10.0.40219.1
Project("{FAE04EC0-301F-11D3-BF4B-00C04F79EFBC}") = "cloudinaryImg", "cloudinaryImg\cloudinaryImg.csproj", "{9E843BBD-2B19-4E5E-8D94-A75F782B9B27}"
EndProject
Global
	GlobalSection(SolutionConfigurationPlatforms) = preSolution
		Debug|Any CPU = Debug|Any CPU
		Release|Any CPU = Release|Any CPU
	EndGlobalSection
	GlobalSection(ProjectConfigurationPlatforms) = postSolution
		{9E843BBD-2B19-4E5E-8D94-A75F782B9B27}.Debug|Any CPU.ActiveCfg = Debug|Any CPU
		{9E843BBD-2B19-4E5E-8D94-A75F782B9B27}.Debug|Any CPU.Build.0 = Debug|Any CPU
		{9E843BBD-2B19-4E5E-8D94-A75F782B9B27}.Release|Any CPU.ActiveCfg = Release|Any CPU
		{9E843BBD-2B19-4E5E-8D94-A75F782B9B27}.Release|Any CPU.Build.0 = Release|Any CPU
	EndGlobalSection
	GlobalSection(SolutionProperties) = preSolution
		HideSolutionNode = FALSE
	EndGlobalSection
	GlobalSection(ExtensibilityGlobals) = postSolution
		SolutionGuid = {5D3CE690-CDF4-4A8E-82EC-7007EF760997}
	EndGlobalSection
EndGlobal
